PODS:
  - SDWebImage (5.20.0):
    - SDWebImage/Core (= 5.20.0)
  - SDWebImage/Core (5.20.0)
  - SDWebImageSwiftUI (2.2.7):
    - SDWebImage (~> 5.10)

DEPENDENCIES:
  - SDWebImage
  - SDWebImageSwiftUI

SPEC REPOS:
  trunk:
    - SDWebImage
    - SDWebImageSwiftUI

SPEC CHECKSUMS:
  SDWebImage: 73c6079366fea25fa4bb9640d5fb58f0893facd8
  SDWebImageSwiftUI: 65a2c8b4b0d9577f2e11556cb163cc4613b9ee54

PODFILE CHECKSUM: 716b219646089bde9a422b46b746d0d38dd7763a

COCOAPODS: 1.16.2
